
Microsoft Visual Studio Solution File, Format Version 12.00
# Visual Studio 15
VisualStudioVersion = 15.0.27130.2027
MinimumVisualStudioVersion = 10.0.40219.1
Project("{9A19103F-16F7-4668-BE54-9A1E7A4F7556}") = "Sales", "Sales\Sales.csproj", "{C9BE8052-A365-4AA6-B105-660A5EF1F2A0}"
EndProject
Project("{FAE04EC0-301F-11D3-BF4B-00C04F79EFBC}") = "Sales.Test", "Sales.Test\Sales.Test.csproj", "{220A7727-BA71-4EFB-9EB9-1CD498C005EA}"
EndProject
Global
	GlobalSection(SolutionConfigurationPlatforms) = preSolution
		Debug|Any CPU = Debug|Any CPU
		Release|Any CPU = Release|Any CPU
	EndGlobalSection
	GlobalSection(ProjectConfigurationPlatforms) = postSolution
		{C9BE8052-A365-4AA6-B105-660A5EF1F2A0}.Debug|Any CPU.ActiveCfg = Debug|Any CPU
		{C9BE8052-A365-4AA6-B105-660A5EF1F2A0}.Debug|Any CPU.Build.0 = Debug|Any CPU
		{C9BE8052-A365-4AA6-B105-660A5EF1F2A0}.Release|Any CPU.ActiveCfg = Release|Any CPU
		{C9BE8052-A365-4AA6-B105-660A5EF1F2A0}.Release|Any CPU.Build.0 = Release|Any CPU
		{220A7727-BA71-4EFB-9EB9-1CD498C005EA}.Debug|Any CPU.ActiveCfg = Debug|Any CPU
		{220A7727-BA71-4EFB-9EB9-1CD498C005EA}.Debug|Any CPU.Build.0 = Debug|Any CPU
		{220A7727-BA71-4EFB-9EB9-1CD498C005EA}.Release|Any CPU.ActiveCfg = Release|Any CPU
		{220A7727-BA71-4EFB-9EB9-1CD498C005EA}.Release|Any CPU.Build.0 = Release|Any CPU
	EndGlobalSection
	GlobalSection(SolutionProperties) = preSolution
		HideSolutionNode = FALSE
	EndGlobalSection
	GlobalSection(ExtensibilityGlobals) = postSolution
		SolutionGuid = {5837970B-3EDD-4B81-BCB7-7315AC1B766C}
	EndGlobalSection
EndGlobal
